<?xml version="1.0" encoding="utf-8"?>
<Project ToolsVersion="4.0" xmlns="http://schemas.microsoft.com/developer/msbuild/2003">
  <ItemGroup>
    <Filter Include="Source Files">
      <UniqueIdentifier>{4FC737F1-C7A5-4376-A066-2A32D752A2FF}</UniqueIdentifier>
      <Extensions>cpp;c;cc;cxx;def;odl;idl;hpj;bat;asm;asmx</Extensions>
    </Filter>
    <Filter Include="Resource Files">
      <UniqueIdentifier>{67DA6AB6-F800-4c08-8B7A-83BB121AAD01}</UniqueIdentifier>
      <Extensions>rc;ico;cur;bmp;dlg;rc2;rct;bin;rgs;gif;jpg;jpeg;jpe;resx;tiff;tif;png;wav;mfcribbon-ms</Extensions>
    </Filter>
    <Filter Include="Source Files\prototype">
      <UniqueIdentifier>{cae8991f-9f23-4c05-9769-dae0a0607bb8}</UniqueIdentifier>
    </Filter>
  </ItemGroup>
  <ItemGroup>
    <ClInclude Include="prototype\class_definition.h">
      <Filter>Source Files\prototype</Filter>
    </ClInclude>
    <ClInclude Include="prototype\script.h">
      <Filter>Source Files\prototype</Filter>
    </ClInclude>
    <ClInclude Include="prototype\script_invoker.h">
      <Filter>Source Files\prototype</Filter>
    </ClInclude>
    <ClInclude Include="prototype\script_object.h">
      <Filter>Source Files\prototype</Filter>
    </ClInclude>
    <ClInclude Include="prototype\script_reference.h">
      <Filter>Source Files\prototype</Filter>
    </ClInclude>
    <ClInclude Include="prototype\script_value.h">
      <Filter>Source Files\prototype</Filter>
    </ClInclude>
    <ClInclude Include="prototype\wrapper_for_classes.h">
      <Filter>Source Files\prototype</Filter>
    </ClInclude>
    <ClInclude Include="prototype\wrapper_for_methods.h">
      <Filter>Source Files\prototype</Filter>
    </ClInclude>
    <ClInclude Include="prototype\wrapper_for_script_objects.h">
      <Filter>Source Files\prototype</Filter>
    </ClInclude>
    <ClInclude Include="prototype\dictionary.h">
      <Filter>Source Files\prototype</Filter>
    </ClInclude>
  </ItemGroup>
  <ItemGroup>
    <ClCompile Include="prototype\script.cpp">
      <Filter>Source Files\prototype</Filter>
    </ClCompile>
    <ClCompile Include="prototype\script_invoker.cpp">
      <Filter>Source Files\prototype</Filter>
    </ClCompile>
    <ClCompile Include="prototype\script_object.cpp">
      <Filter>Source Files\prototype</Filter>
    </ClCompile>
    <ClCompile Include="prototype\script_reference.cpp">
      <Filter>Source Files\prototype</Filter>
    </ClCompile>
    <ClCompile Include="prototype\dictionary.cpp">
      <Filter>Source Files\prototype</Filter>
    </ClCompile>
  </ItemGroup>
</Project>